lockfileVersion: '9.0'

settings:
  autoInstallPeers: true
  excludeLinksFromLockfile: false

importers:

  .:
    dependencies:
      leaflet-routing-machine:
        specifier: ^3.2.12
        version: 3.2.12

packages:

  '@mapbox/corslite@0.0.7':
    resolution: {integrity: sha512-w/uS474VFjmqQ7fFWIMZINQM1BAQxDLuoJaZZIPES1BmeYpCtlh9MtbFxKGGDAsfvut8/HircIsVvEYRjQ+iMg==}

  '@mapbox/polyline@0.2.0':
    resolution: {integrity: sha512-GCddO0iw6AzOQqZgBmjEQI9Pgo40/yRgkTkikGctE01kNBN0ThWYuAnTD+hRWrAWMV6QJ0rNm4m8DAsaAXE7Pg==}
    hasBin: true

  leaflet-routing-machine@3.2.12:
    resolution: {integrity: sha512-HLde58G1YtD9xSIzZavJ6BPABZaV1hHeGst8ouhzuxmSC3s32NVtADT+njbIUMW1maHRCrsgTk/E4hz5QH7FrA==}

  osrm-text-instructions@0.13.4:
    resolution: {integrity: sha512-ge4ZTIetMQKAHKq2MwWf83ntzdJN20ndRKRaVNoZ3SkDkBNO99Qddz7r6+hrVx38I+ih6Rk5T1yslczAB6Q9Pg==}

snapshots:

  '@mapbox/corslite@0.0.7': {}

  '@mapbox/polyline@0.2.0': {}

  leaflet-routing-machine@3.2.12:
    dependencies:
      '@mapbox/corslite': 0.0.7
      '@mapbox/polyline': 0.2.0
      osrm-text-instructions: 0.13.4

  osrm-text-instructions@0.13.4: {}
